# THIS IS AN AUTOGENERATED FILE. DO NOT EDIT THIS FILE DIRECTLY.
# yarn lockfile v1


preact-router@^2.6.1:
  version "2.6.1"
  resolved "https://registry.yarnpkg.com/preact-router/-/preact-router-2.6.1.tgz#eec60a9f2c07a1ae4fbc6604d8a0415742fbbd89"

preact@^8.3.1:
  version "8.3.1"
  resolved "http://registry.npm.taobao.org/preact/download/preact-8.3.1.tgz#ed34f79d09edc5efd32a378a3416ef5dc531e3ac"
